// !$*UTF8*$!
{
	archiveVersion = 1;
	classes = {
	};
	objectVersion = 46;
	objects = {

/* Begin PBXBuildFile section */
		474024E0714FEDAFC755AA81 /* libPods-Revels'17.a in Frameworks */ = {isa = PBXBuildFile; fileRef = 5C82C8B650CF896A877C5137 /* libPods-Revels'17.a */; };
		5918B8DD1E33D66800AB612C /* EventsTableViewCell2.xib in Resources */ = {isa = PBXBuildFile; fileRef = 5918B8DC1E33D66800AB612C /* EventsTableViewCell2.xib */; };
		593D8BB71E431C3C0074B636 /* EventsByDayTableViewController.m in Sources */ = {isa = PBXBuildFile; fileRef = 593D8BB61E431C3C0074B636 /* EventsByDayTableViewController.m */; };
		D60CA6A11E02ADA300B79D69 /* main.m in Sources */ = {isa = PBXBuildFile; fileRef = D60CA6A01E02ADA300B79D69 /* main.m */; };
		D60CA6A41E02ADA300B79D69 /* AppDelegate.m in Sources */ = {isa = PBXBuildFile; fileRef = D60CA6A31E02ADA300B79D69 /* AppDelegate.m */; };
		D60CA6AA1E02ADA300B79D69 /* Main.storyboard in Resources */ = {isa = PBXBuildFile; fileRef = D60CA6A81E02ADA300B79D69 /* Main.storyboard */; };
		D60CA6AC1E02ADA300B79D69 /* Assets.xcassets in Resources */ = {isa = PBXBuildFile; fileRef = D60CA6AB1E02ADA300B79D69 /* Assets.xcassets */; };
		D60CA6AF1E02ADA300B79D69 /* LaunchScreen.storyboard in Resources */ = {isa = PBXBuildFile; fileRef = D60CA6AD1E02ADA300B79D69 /* LaunchScreen.storyboard */; };
		D60CA6BC1E02B00500B79D69 /* CategoriesTableViewCell.m in Sources */ = {isa = PBXBuildFile; fileRef = D60CA6BA1E02B00500B79D69 /* CategoriesTableViewCell.m */; };
		D60CA6BD1E02B00500B79D69 /* CategoriesTableViewCell.xib in Resources */ = {isa = PBXBuildFile; fileRef = D60CA6BB1E02B00500B79D69 /* CategoriesTableViewCell.xib */; };
		D60CA6C01E02C14900B79D69 /* CategoriesViewController.m in Sources */ = {isa = PBXBuildFile; fileRef = D60CA6BF1E02C14900B79D69 /* CategoriesViewController.m */; };
		D60CA6C51E02FAE200B79D69 /* ResultsViewController.m in Sources */ = {isa = PBXBuildFile; fileRef = D60CA6C41E02FAE200B79D69 /* ResultsViewController.m */; };
		D60CA6C91E02FAF800B79D69 /* ResultsTableViewCell.m in Sources */ = {isa = PBXBuildFile; fileRef = D60CA6C71E02FAF800B79D69 /* ResultsTableViewCell.m */; };
		D60CA6CA1E02FAF800B79D69 /* ResultsTableViewCell.xib in Resources */ = {isa = PBXBuildFile; fileRef = D60CA6C81E02FAF800B79D69 /* ResultsTableViewCell.xib */; };
		D65BD80C1E3A56F200417E8B /* EventsTableViewController.m in Sources */ = {isa = PBXBuildFile; fileRef = D65BD80B1E3A56F200417E8B /* EventsTableViewController.m */; };
		D6C470A71E3CAC540094D8B5 /* FilteredEventsTableViewCell.m in Sources */ = {isa = PBXBuildFile; fileRef = D6C470A61E3CAC540094D8B5 /* FilteredEventsTableViewCell.m */; };
		D6CD86A21E2FE86F00000446 /* EventsViewController.m in Sources */ = {isa = PBXBuildFile; fileRef = D6CD86A11E2FE86F00000446 /* EventsViewController.m */; };
		D6CD86A61E2FEB4F00000446 /* EventsTableViewCell.m in Sources */ = {isa = PBXBuildFile; fileRef = D6CD86A41E2FEB4F00000446 /* EventsTableViewCell.m */; };
		D6CD86A71E2FEB4F00000446 /* EventsTableViewCell.xib in Resources */ = {isa = PBXBuildFile; fileRef = D6CD86A51E2FEB4F00000446 /* EventsTableViewCell.xib */; };
/* End PBXBuildFile section */

/* Begin PBXFileReference section */
		5918B8DC1E33D66800AB612C /* EventsTableViewCell2.xib */ = {isa = PBXFileReference; fileEncoding = 4; lastKnownFileType = file.xib; path = EventsTableViewCell2.xib; sourceTree = "<group>"; };
		593D8BB51E431C3C0074B636 /* EventsByDayTableViewController.h */ = {isa = PBXFileReference; fileEncoding = 4; lastKnownFileType = sourcecode.c.h; path = EventsByDayTableViewController.h; sourceTree = "<group>"; };
		593D8BB61E431C3C0074B636 /* EventsByDayTableViewController.m */ = {isa = PBXFileReference; fileEncoding = 4; lastKnownFileType = sourcecode.c.objc; path = EventsByDayTableViewController.m; sourceTree = "<group>"; };
		5C82C8B650CF896A877C5137 /* libPods-Revels'17.a */ = {isa = PBXFileReference; explicitFileType = archive.ar; includeInIndex = 0; path = "libPods-Revels'17.a"; sourceTree = BUILT_PRODUCTS_DIR; };
		7F277E97FEB34C8351AE9CD8 /* Pods-Revels'17.release.xcconfig */ = {isa = PBXFileReference; includeInIndex = 1; lastKnownFileType = text.xcconfig; name = "Pods-Revels'17.release.xcconfig"; path = "Pods/Target Support Files/Pods-Revels'17/Pods-Revels'17.release.xcconfig"; sourceTree = "<group>"; };
		D60CA69C1E02ADA300B79D69 /* Revels'17.app */ = {isa = PBXFileReference; explicitFileType = wrapper.application; includeInIndex = 0; path = "Revels'17.app"; sourceTree = BUILT_PRODUCTS_DIR; };
		D60CA6A01E02ADA300B79D69 /* main.m */ = {isa = PBXFileReference; lastKnownFileType = sourcecode.c.objc; path = main.m; sourceTree = "<group>"; };
		D60CA6A21E02ADA300B79D69 /* AppDelegate.h */ = {isa = PBXFileReference; lastKnownFileType = sourcecode.c.h; path = AppDelegate.h; sourceTree = "<group>"; };
		D60CA6A31E02ADA300B79D69 /* AppDelegate.m */ = {isa = PBXFileReference; lastKnownFileType = sourcecode.c.objc; path = AppDelegate.m; sourceTree = "<group>"; };
		D60CA6A91E02ADA300B79D69 /* Base */ = {isa = PBXFileReference; lastKnownFileType = file.storyboard; name = Base; path = Base.lproj/Main.storyboard; sourceTree = "<group>"; };
		D60CA6AB1E02ADA300B79D69 /* Assets.xcassets */ = {isa = PBXFileReference; lastKnownFileType = folder.assetcatalog; path = Assets.xcassets; sourceTree = "<group>"; };
		D60CA6AE1E02ADA300B79D69 /* Base */ = {isa = PBXFileReference; lastKnownFileType = file.storyboard; name = Base; path = Base.lproj/LaunchScreen.storyboard; sourceTree = "<group>"; };
		D60CA6B01E02ADA300B79D69 /* Info.plist */ = {isa = PBXFileReference; lastKnownFileType = text.plist.xml; path = Info.plist; sourceTree = "<group>"; };
		D60CA6B91E02B00500B79D69 /* CategoriesTableViewCell.h */ = {isa = PBXFileReference; fileEncoding = 4; lastKnownFileType = sourcecode.c.h; path = CategoriesTableViewCell.h; sourceTree = "<group>"; };
		D60CA6BA1E02B00500B79D69 /* CategoriesTableViewCell.m */ = {isa = PBXFileReference; fileEncoding = 4; lastKnownFileType = sourcecode.c.objc; path = CategoriesTableViewCell.m; sourceTree = "<group>"; };
		D60CA6BB1E02B00500B79D69 /* CategoriesTableViewCell.xib */ = {isa = PBXFileReference; fileEncoding = 4; lastKnownFileType = file.xib; path = CategoriesTableViewCell.xib; sourceTree = "<group>"; };
		D60CA6BE1E02C14900B79D69 /* CategoriesViewController.h */ = {isa = PBXFileReference; fileEncoding = 4; lastKnownFileType = sourcecode.c.h; path = CategoriesViewController.h; sourceTree = "<group>"; };
		D60CA6BF1E02C14900B79D69 /* CategoriesViewController.m */ = {isa = PBXFileReference; fileEncoding = 4; lastKnownFileType = sourcecode.c.objc; path = CategoriesViewController.m; sourceTree = "<group>"; };
		D60CA6C31E02FAE200B79D69 /* ResultsViewController.h */ = {isa = PBXFileReference; fileEncoding = 4; lastKnownFileType = sourcecode.c.h; path = ResultsViewController.h; sourceTree = "<group>"; };
		D60CA6C41E02FAE200B79D69 /* ResultsViewController.m */ = {isa = PBXFileReference; fileEncoding = 4; lastKnownFileType = sourcecode.c.objc; path = ResultsViewController.m; sourceTree = "<group>"; };
		D60CA6C61E02FAF800B79D69 /* ResultsTableViewCell.h */ = {isa = PBXFileReference; fileEncoding = 4; lastKnownFileType = sourcecode.c.h; path = ResultsTableViewCell.h; sourceTree = "<group>"; };
		D60CA6C71E02FAF800B79D69 /* ResultsTableViewCell.m */ = {isa = PBXFileReference; fileEncoding = 4; lastKnownFileType = sourcecode.c.objc; path = ResultsTableViewCell.m; sourceTree = "<group>"; };
		D60CA6C81E02FAF800B79D69 /* ResultsTableViewCell.xib */ = {isa = PBXFileReference; fileEncoding = 4; lastKnownFileType = file.xib; path = ResultsTableViewCell.xib; sourceTree = "<group>"; };
		D65BD80A1E3A56F200417E8B /* EventsTableViewController.h */ = {isa = PBXFileReference; fileEncoding = 4; lastKnownFileType = sourcecode.c.h; path = EventsTableViewController.h; sourceTree = "<group>"; };
		D65BD80B1E3A56F200417E8B /* EventsTableViewController.m */ = {isa = PBXFileReference; fileEncoding = 4; lastKnownFileType = sourcecode.c.objc; path = EventsTableViewController.m; sourceTree = "<group>"; };
		D6C470A51E3CAC540094D8B5 /* FilteredEventsTableViewCell.h */ = {isa = PBXFileReference; fileEncoding = 4; lastKnownFileType = sourcecode.c.h; path = FilteredEventsTableViewCell.h; sourceTree = "<group>"; };
		D6C470A61E3CAC540094D8B5 /* FilteredEventsTableViewCell.m */ = {isa = PBXFileReference; fileEncoding = 4; lastKnownFileType = sourcecode.c.objc; path = FilteredEventsTableViewCell.m; sourceTree = "<group>"; };
		D6CD86A01E2FE86F00000446 /* EventsViewController.h */ = {isa = PBXFileReference; fileEncoding = 4; lastKnownFileType = sourcecode.c.h; path = EventsViewController.h; sourceTree = "<group>"; };
		D6CD86A11E2FE86F00000446 /* EventsViewController.m */ = {isa = PBXFileReference; fileEncoding = 4; lastKnownFileType = sourcecode.c.objc; path = EventsViewController.m; sourceTree = "<group>"; };
		D6CD86A31E2FEB4F00000446 /* EventsTableViewCell.h */ = {isa = PBXFileReference; fileEncoding = 4; lastKnownFileType = sourcecode.c.h; path = EventsTableViewCell.h; sourceTree = "<group>"; };
		D6CD86A41E2FEB4F00000446 /* EventsTableViewCell.m */ = {isa = PBXFileReference; fileEncoding = 4; lastKnownFileType = sourcecode.c.objc; path = EventsTableViewCell.m; sourceTree = "<group>"; };
		D6CD86A51E2FEB4F00000446 /* EventsTableViewCell.xib */ = {isa = PBXFileReference; fileEncoding = 4; lastKnownFileType = file.xib; path = EventsTableViewCell.xib; sourceTree = "<group>"; };
		FD1901EFD50286870DA04BBE /* Pods-Revels'17.debug.xcconfig */ = {isa = PBXFileReference; includeInIndex = 1; lastKnownFileType = text.xcconfig; name = "Pods-Revels'17.debug.xcconfig"; path = "Pods/Target Support Files/Pods-Revels'17/Pods-Revels'17.debug.xcconfig"; sourceTree = "<group>"; };
/* End PBXFileReference section */

/* Begin PBXFrameworksBuildPhase section */
		D60CA6991E02ADA200B79D69 /* Frameworks */ = {
			isa = PBXFrameworksBuildPhase;
			buildActionMask = 2147483647;
			files = (
				474024E0714FEDAFC755AA81 /* libPods-Revels'17.a in Frameworks */,
			);
			runOnlyForDeploymentPostprocessing = 0;
		};
/* End PBXFrameworksBuildPhase section */

/* Begin PBXGroup section */
		5971CB1FF1C66DF0119CB1B2 /* Pods */ = {
			isa = PBXGroup;
			children = (
				FD1901EFD50286870DA04BBE /* Pods-Revels'17.debug.xcconfig */,
				7F277E97FEB34C8351AE9CD8 /* Pods-Revels'17.release.xcconfig */,
			);
			name = Pods;
			sourceTree = "<group>";
		};
		83CF0BFE6636F991EF9FE28B /* Frameworks */ = {
			isa = PBXGroup;
			children = (
				5C82C8B650CF896A877C5137 /* libPods-Revels'17.a */,
			);
			name = Frameworks;
			sourceTree = "<group>";
		};
		D60CA6931E02ADA200B79D69 = {
			isa = PBXGroup;
			children = (
				D60CA69E1E02ADA300B79D69 /* Revels'17 */,
				D60CA69D1E02ADA300B79D69 /* Products */,
				5971CB1FF1C66DF0119CB1B2 /* Pods */,
				83CF0BFE6636F991EF9FE28B /* Frameworks */,
			);
			sourceTree = "<group>";
		};
		D60CA69D1E02ADA300B79D69 /* Products */ = {
			isa = PBXGroup;
			children = (
				D60CA69C1E02ADA300B79D69 /* Revels'17.app */,
			);
			name = Products;
			sourceTree = "<group>";
		};
		D60CA69E1E02ADA300B79D69 /* Revels'17 */ = {
			isa = PBXGroup;
			children = (
				D6CD869F1E2FE84F00000446 /* Events */,
				D60CA6C21E02FABC00B79D69 /* Results */,
				D60CA6C11E02C68900B79D69 /* Categories */,
				D60CA6A81E02ADA300B79D69 /* Main.storyboard */,
				D60CA6AD1E02ADA300B79D69 /* LaunchScreen.storyboard */,
				D60CA69F1E02ADA300B79D69 /* Supporting Files */,
			);
			path = "Revels'17";
			sourceTree = "<group>";
		};
		D60CA69F1E02ADA300B79D69 /* Supporting Files */ = {
			isa = PBXGroup;
			children = (
				D60CA6B01E02ADA300B79D69 /* Info.plist */,
				D60CA6AB1E02ADA300B79D69 /* Assets.xcassets */,
				D60CA6A21E02ADA300B79D69 /* AppDelegate.h */,
				D60CA6A31E02ADA300B79D69 /* AppDelegate.m */,
				D60CA6A01E02ADA300B79D69 /* main.m */,
			);
			name = "Supporting Files";
			sourceTree = "<group>";
		};
		D60CA6C11E02C68900B79D69 /* Categories */ = {
			isa = PBXGroup;
			children = (
				D65BD8091E3A56DE00417E8B /* Filtered Events */,
				D60CA6BE1E02C14900B79D69 /* CategoriesViewController.h */,
				D60CA6BF1E02C14900B79D69 /* CategoriesViewController.m */,
				D60CA6B91E02B00500B79D69 /* CategoriesTableViewCell.h */,
				D60CA6BA1E02B00500B79D69 /* CategoriesTableViewCell.m */,
				D60CA6BB1E02B00500B79D69 /* CategoriesTableViewCell.xib */,
			);
			name = Categories;
			sourceTree = "<group>";
		};
		D60CA6C21E02FABC00B79D69 /* Results */ = {
			isa = PBXGroup;
			children = (
				D60CA6C31E02FAE200B79D69 /* ResultsViewController.h */,
				D60CA6C41E02FAE200B79D69 /* ResultsViewController.m */,
				D60CA6C61E02FAF800B79D69 /* ResultsTableViewCell.h */,
				D60CA6C71E02FAF800B79D69 /* ResultsTableViewCell.m */,
				D60CA6C81E02FAF800B79D69 /* ResultsTableViewCell.xib */,
			);
			name = Results;
			sourceTree = "<group>";
		};
		D65BD8091E3A56DE00417E8B /* Filtered Events */ = {
			isa = PBXGroup;
			children = (
				D65BD80A1E3A56F200417E8B /* EventsTableViewController.h */,
				D65BD80B1E3A56F200417E8B /* EventsTableViewController.m */,
				D6C470A51E3CAC540094D8B5 /* FilteredEventsTableViewCell.h */,
				D6C470A61E3CAC540094D8B5 /* FilteredEventsTableViewCell.m */,
			);
			name = "Filtered Events";
			sourceTree = "<group>";
		};
		D6CD869F1E2FE84F00000446 /* Events */ = {
			isa = PBXGroup;
			children = (
				D6CD86A31E2FEB4F00000446 /* EventsTableViewCell.h */,
				D6CD86A41E2FEB4F00000446 /* EventsTableViewCell.m */,
				D6CD86A01E2FE86F00000446 /* EventsViewController.h */,
				D6CD86A11E2FE86F00000446 /* EventsViewController.m */,
				593D8BB51E431C3C0074B636 /* EventsByDayTableViewController.h */,
				593D8BB61E431C3C0074B636 /* EventsByDayTableViewController.m */,
				D6CD86A51E2FEB4F00000446 /* EventsTableViewCell.xib */,
				5918B8DC1E33D66800AB612C /* EventsTableViewCell2.xib */,
			);
			name = Events;
			sourceTree = "<group>";
		};
/* End PBXGroup section */

/* Begin PBXNativeTarget section */
		D60CA69B1E02ADA200B79D69 /* Revels'17 */ = {
			isa = PBXNativeTarget;
			buildConfigurationList = D60CA6B31E02ADA300B79D69 /* Build configuration list for PBXNativeTarget "Revels'17" */;
			buildPhases = (
				FD1F904E5A1ABCC4915BB31B /* [CP] Check Pods Manifest.lock */,
				D60CA6981E02ADA200B79D69 /* Sources */,
				D60CA6991E02ADA200B79D69 /* Frameworks */,
				D60CA69A1E02ADA200B79D69 /* Resources */,
				C1959C5F3D0C4325CDD00B7B /* [CP] Embed Pods Frameworks */,
				C7D06733D164A7FDEC6F0221 /* [CP] Copy Pods Resources */,
			);
			buildRules = (
			);
			dependencies = (
			);
			name = "Revels'17";
			productName = "Revels'16";
			productReference = D60CA69C1E02ADA300B79D69 /* Revels'17.app */;
			productType = "com.apple.product-type.application";
		};
/* End PBXNativeTarget section */

/* Begin PBXProject section */
		D60CA6941E02ADA200B79D69 /* Project object */ = {
			isa = PBXProject;
			attributes = {
				LastUpgradeCheck = 0800;
				ORGANIZATIONNAME = "Abhishek Vora";
				TargetAttributes = {
					D60CA69B1E02ADA200B79D69 = {
						CreatedOnToolsVersion = 8.0;
						DevelopmentTeam = HN3SCP8A52;
						ProvisioningStyle = Automatic;
					};
				};
			};
			buildConfigurationList = D60CA6971E02ADA200B79D69 /* Build configuration list for PBXProject "Revels'17" */;
			compatibilityVersion = "Xcode 3.2";
			developmentRegion = English;
			hasScannedForEncodings = 0;
			knownRegions = (
				en,
				Base,
			);
			mainGroup = D60CA6931E02ADA200B79D69;
			productRefGroup = D60CA69D1E02ADA300B79D69 /* Products */;
			projectDirPath = "";
			projectRoot = "";
			targets = (
				D60CA69B1E02ADA200B79D69 /* Revels'17 */,
			);
		};
/* End PBXProject section */

/* Begin PBXResourcesBuildPhase section */
		D60CA69A1E02ADA200B79D69 /* Resources */ = {
			isa = PBXResourcesBuildPhase;
			buildActionMask = 2147483647;
			files = (
				D60CA6AF1E02ADA300B79D69 /* LaunchScreen.storyboard in Resources */,
				5918B8DD1E33D66800AB612C /* EventsTableViewCell2.xib in Resources */,
				D60CA6CA1E02FAF800B79D69 /* ResultsTableViewCell.xib in Resources */,
				D6CD86A71E2FEB4F00000446 /* EventsTableViewCell.xib in Resources */,
				D60CA6BD1E02B00500B79D69 /* CategoriesTableViewCell.xib in Resources */,
				D60CA6AC1E02ADA300B79D69 /* Assets.xcassets in Resources */,
				D60CA6AA1E02ADA300B79D69 /* Main.storyboard in Resources */,
			);
			runOnlyForDeploymentPostprocessing = 0;
		};
/* End PBXResourcesBuildPhase section */

/* Begin PBXShellScriptBuildPhase section */
		C1959C5F3D0C4325CDD00B7B /* [CP] Embed Pods Frameworks */ = {
			isa = PBXShellScriptBuildPhase;
			buildActionMask = 2147483647;
			files = (
			);
			inputPaths = (
			);
			name = "[CP] Embed Pods Frameworks";
			outputPaths = (
			);
			runOnlyForDeploymentPostprocessing = 0;
			shellPath = /bin/sh;
			shellScript = "\"${SRCROOT}/Pods/Target Support Files/Pods-Revels'17/Pods-Revels'17-frameworks.sh\"\n";
			showEnvVarsInLog = 0;
		};
		C7D06733D164A7FDEC6F0221 /* [CP] Copy Pods Resources */ = {
			isa = PBXShellScriptBuildPhase;
			buildActionMask = 2147483647;
			files = (
			);
			inputPaths = (
			);
			name = "[CP] Copy Pods Resources";
			outputPaths = (
			);
			runOnlyForDeploymentPostprocessing = 0;
			shellPath = /bin/sh;
			shellScript = "\"${SRCROOT}/Pods/Target Support Files/Pods-Revels'17/Pods-Revels'17-resources.sh\"\n";
			showEnvVarsInLog = 0;
		};
		FD1F904E5A1ABCC4915BB31B /* [CP] Check Pods Manifest.lock */ = {
			isa = PBXShellScriptBuildPhase;
			buildActionMask = 2147483647;
			files = (
			);
			inputPaths = (
			);
			name = "[CP] Check Pods Manifest.lock";
			outputPaths = (
			);
			runOnlyForDeploymentPostprocessing = 0;
			shellPath = /bin/sh;
			shellScript = "diff \"${PODS_ROOT}/../Podfile.lock\" \"${PODS_ROOT}/Manifest.lock\" > /dev/null\nif [ $? != 0 ] ; then\n    # print error to STDERR\n    echo \"error: The sandbox is not in sync with the Podfile.lock. Run 'pod install' or update your CocoaPods installation.\" >&2\n    exit 1\nfi\n";
			showEnvVarsInLog = 0;
		};
/* End PBXShellScriptBuildPhase section */

/* Begin PBXSourcesBuildPhase section */
		D60CA6981E02ADA200B79D69 /* Sources */ = {
			isa = PBXSourcesBuildPhase;
			buildActionMask = 2147483647;
			files = (
				D6CD86A61E2FEB4F00000446 /* EventsTableViewCell.m in Sources */,
				D60CA6A41E02ADA300B79D69 /* AppDelegate.m in Sources */,
				D60CA6BC1E02B00500B79D69 /* CategoriesTableViewCell.m in Sources */,
				D60CA6A11E02ADA300B79D69 /* main.m in Sources */,
				593D8BB71E431C3C0074B636 /* EventsByDayTableViewController.m in Sources */,
				D6CD86A21E2FE86F00000446 /* EventsViewController.m in Sources */,
				D6C470A71E3CAC540094D8B5 /* FilteredEventsTableViewCell.m in Sources */,
				D60CA6C01E02C14900B79D69 /* CategoriesViewController.m in Sources */,
				D60CA6C91E02FAF800B79D69 /* ResultsTableViewCell.m in Sources */,
				D65BD80C1E3A56F200417E8B /* EventsTableViewController.m in Sources */,
				D60CA6C51E02FAE200B79D69 /* ResultsViewController.m in Sources */,
			);
			runOnlyForDeploymentPostprocessing = 0;
		};
/* End PBXSourcesBuildPhase section */

/* Begin PBXVariantGroup section */
		D60CA6A81E02ADA300B79D69 /* Main.storyboard */ = {
			isa = PBXVariantGroup;
			children = (
				D60CA6A91E02ADA300B79D69 /* Base */,
			);
			name = Main.storyboard;
			sourceTree = "<group>";
		};
		D60CA6AD1E02ADA300B79D69 /* LaunchScreen.storyboard */ = {
			isa = PBXVariantGroup;
			children = (
				D60CA6AE1E02ADA300B79D69 /* Base */,
			);
			name = LaunchScreen.storyboard;
			sourceTree = "<group>";
		};
/* End PBXVariantGroup section */

/* Begin XCBuildConfiguration section */
		D60CA6B11E02ADA300B79D69 /* Debug */ = {
			isa = XCBuildConfiguration;
			buildSettings = {
				ALWAYS_SEARCH_USER_PATHS = NO;
				CLANG_ANALYZER_NONNULL = YES;
				CLANG_CXX_LANGUAGE_STANDARD = "gnu++0x";
				CLANG_CXX_LIBRARY = "libc++";
				CLANG_ENABLE_MODULES = YES;
				CLANG_ENABLE_OBJC_ARC = YES;
				CLANG_WARN_BOOL_CONVERSION = YES;
				CLANG_WARN_CONSTANT_CONVERSION = YES;
				CLANG_WARN_DIRECT_OBJC_ISA_USAGE = YES_ERROR;
				CLANG_WARN_DOCUMENTATION_COMMENTS = YES;
				CLANG_WARN_EMPTY_BODY = YES;
				CLANG_WARN_ENUM_CONVERSION = YES;
				CLANG_WARN_INFINITE_RECURSION = YES;
				CLANG_WARN_INT_CONVERSION = YES;
				CLANG_WARN_OBJC_ROOT_CLASS = YES_ERROR;
				CLANG_WARN_SUSPICIOUS_MOVES = YES;
				CLANG_WARN_UNREACHABLE_CODE = YES;
				CLANG_WARN__DUPLICATE_METHOD_MATCH = YES;
				"CODE_SIGN_IDENTITY[sdk=iphoneos*]" = "iPhone Developer";
				COPY_PHASE_STRIP = NO;
				DEBUG_INFORMATION_FORMAT = dwarf;
				ENABLE_STRICT_OBJC_MSGSEND = YES;
				ENABLE_TESTABILITY = YES;
				GCC_C_LANGUAGE_STANDARD = gnu99;
				GCC_DYNAMIC_NO_PIC = NO;
				GCC_NO_COMMON_BLOCKS = YES;
				GCC_OPTIMIZATION_LEVEL = 0;
				GCC_PREPROCESSOR_DEFINITIONS = (
					"DEBUG=1",
					"$(inherited)",
				);
				GCC_WARN_64_TO_32_BIT_CONVERSION = YES;
				GCC_WARN_ABOUT_RETURN_TYPE = YES_ERROR;
				GCC_WARN_UNDECLARED_SELECTOR = YES;
				GCC_WARN_UNINITIALIZED_AUTOS = YES_AGGRESSIVE;
				GCC_WARN_UNUSED_FUNCTION = YES;
				GCC_WARN_UNUSED_VARIABLE = YES;
				IPHONEOS_DEPLOYMENT_TARGET = 10.0;
				MTL_ENABLE_DEBUG_INFO = YES;
				ONLY_ACTIVE_ARCH = YES;
				SDKROOT = iphoneos;
				TARGETED_DEVICE_FAMILY = "1,2";
			};
			name = Debug;
		};
		D60CA6B21E02ADA300B79D69 /* Release */ = {
			isa = XCBuildConfiguration;
			buildSettings = {
				ALWAYS_SEARCH_USER_PATHS = NO;
				CLANG_ANALYZER_NONNULL = YES;
				CLANG_CXX_LANGUAGE_STANDARD = "gnu++0x";
				CLANG_CXX_LIBRARY = "libc++";
				CLANG_ENABLE_MODULES = YES;
				CLANG_ENABLE_OBJC_ARC = YES;
				CLANG_WARN_BOOL_CONVERSION = YES;
				CLANG_WARN_CONSTANT_CONVERSION = YES;
				CLANG_WARN_DIRECT_OBJC_ISA_USAGE = YES_ERROR;
				CLANG_WARN_DOCUMENTATION_COMMENTS = YES;
				CLANG_WARN_EMPTY_BODY = YES;
				CLANG_WARN_ENUM_CONVERSION = YES;
				CLANG_WARN_INFINITE_RECURSION = YES;
				CLANG_WARN_INT_CONVERSION = YES;
				CLANG_WARN_OBJC_ROOT_CLASS = YES_ERROR;
				CLANG_WARN_SUSPICIOUS_MOVES = YES;
				CLANG_WARN_UNREACHABLE_CODE = YES;
				CLANG_WARN__DUPLICATE_METHOD_MATCH = YES;
				"CODE_SIGN_IDENTITY[sdk=iphoneos*]" = "iPhone Developer";
				COPY_PHASE_STRIP = NO;
				DEBUG_INFORMATION_FORMAT = "dwarf-with-dsym";
				ENABLE_NS_ASSERTIONS = NO;
				ENABLE_STRICT_OBJC_MSGSEND = YES;
				GCC_C_LANGUAGE_STANDARD = gnu99;
				GCC_NO_COMMON_BLOCKS = YES;
				GCC_WARN_64_TO_32_BIT_CONVERSION = YES;
				GCC_WARN_ABOUT_RETURN_TYPE = YES_ERROR;
				GCC_WARN_UNDECLARED_SELECTOR = YES;
				GCC_WARN_UNINITIALIZED_AUTOS = YES_AGGRESSIVE;
				GCC_WARN_UNUSED_FUNCTION = YES;
				GCC_WARN_UNUSED_VARIABLE = YES;
				IPHONEOS_DEPLOYMENT_TARGET = 10.0;
				MTL_ENABLE_DEBUG_INFO = NO;
				SDKROOT = iphoneos;
				TARGETED_DEVICE_FAMILY = "1,2";
				VALIDATE_PRODUCT = YES;
			};
			name = Release;
		};
		D60CA6B41E02ADA300B79D69 /* Debug */ = {
			isa = XCBuildConfiguration;
			baseConfigurationReference = FD1901EFD50286870DA04BBE /* Pods-Revels'17.debug.xcconfig */;
			buildSettings = {
				ASSETCATALOG_COMPILER_APPICON_NAME = AppIcon;
				DEVELOPMENT_TEAM = HN3SCP8A52;
				INFOPLIST_FILE = "Revels'17/Info.plist";
				LD_RUNPATH_SEARCH_PATHS = "$(inherited) @executable_path/Frameworks";
				PRODUCT_BUNDLE_IDENTIFIER = "abhishek.Revels'17";
				PRODUCT_NAME = "$(TARGET_NAME)";
			};
			name = Debug;
		};
		D60CA6B51E02ADA300B79D69 /* Release */ = {
			isa = XCBuildConfiguration;
			baseConfigurationReference = 7F277E97FEB34C8351AE9CD8 /* Pods-Revels'17.release.xcconfig */;
			buildSettings = {
				ASSETCATALOG_COMPILER_APPICON_NAME = AppIcon;
				DEVELOPMENT_TEAM = HN3SCP8A52;
				INFOPLIST_FILE = "Revels'17/Info.plist";
				LD_RUNPATH_SEARCH_PATHS = "$(inherited) @executable_path/Frameworks";
				PRODUCT_BUNDLE_IDENTIFIER = "abhishek.Revels'17";
				PRODUCT_NAME = "$(TARGET_NAME)";
			};
			name = Release;
		};
/* End XCBuildConfiguration section */

/* Begin XCConfigurationList section */
		D60CA6971E02ADA200B79D69 /* Build configuration list for PBXProject "Revels'17" */ = {
			isa = XCConfigurationList;
			buildConfigurations = (
				D60CA6B11E02ADA300B79D69 /* Debug */,
				D60CA6B21E02ADA300B79D69 /* Release */,
			);
			defaultConfigurationIsVisible = 0;
			defaultConfigurationName = Release;
		};
		D60CA6B31E02ADA300B79D69 /* Build configuration list for PBXNativeTarget "Revels'17" */ = {
			isa = XCConfigurationList;
			buildConfigurations = (
				D60CA6B41E02ADA300B79D69 /* Debug */,
				D60CA6B51E02ADA300B79D69 /* Release */,
			);
			defaultConfigurationIsVisible = 0;
			defaultConfigurationName = Release;
		};
/* End XCConfigurationList section */
	};
	rootObject = D60CA6941E02ADA200B79D69 /* Project object */;
}
